Microsoft Visual Studio Solution File, Format Version 12.00
# Visual Studio 2012
Project("{FAE04EC0-301F-11D3-BF4B-00C04F79EFBC}") = "TravletAgence.BLL", "BLL\TravletAgence.BLL.csproj", "{38D7AA58-C95B-449B-86C6-A8073A56E11F}"
EndProject
Project("{FAE04EC0-301F-11D3-BF4B-00C04F79EFBC}") = "TravletAgence.Model", "Model\TravletAgence.Model.csproj", "{53995DBB-9836-4647-AD22-865884FDEB9E}"
EndProject
Project("{FAE04EC0-301F-11D3-BF4B-00C04F79EFBC}") = "TravletAgence.DAL", "DAL\TravletAgence.DAL.csproj", "{9FE00521-3A8B-42B1-814E-585E99407B2E}"
EndProject
Project("{FAE04EC0-301F-11D3-BF4B-00C04F79EFBC}") = "TravletAgence.DBUtility", "DBUtility\TravletAgence.DBUtility.csproj", "{0988C62E-247F-471F-A183-DB509C7A3839}"
EndProject
Project("{FAE04EC0-301F-11D3-BF4B-00C04F79EFBC}") = "TravletAgence.Common", "Common\TravletAgence.Common.csproj", "{E3D8759A-C5EB-402D-9F10-F5C6029A8D1A}"
EndProject
Project("{FAE04EC0-301F-11D3-BF4B-00C04F79EFBC}") = "TravletAgence.UI", "TravletAgence.UI\TravletAgence.UI.csproj", "{C5FFC804-68F1-4656-855F-9ACAEE0CF551}"
EndProject
Project("{FAE04EC0-301F-11D3-BF4B-00C04F79EFBC}") = "TravletAgence.UI.Tests", "TravletAgence.UI.Tests\TravletAgence.UI.Tests.csproj", "{5305BF1B-5C00-4505-9A4E-54133D656661}"
EndProject
Project("{FAE04EC0-301F-11D3-BF4B-00C04F79EFBC}") = "TravletAgence.CSUI", "TravletAgence.CSUI\TravletAgence.CSUI.csproj", "{3FE063B6-57A1-4890-98CF-C23811BCBDD9}"
EndProject
Project("{2150E333-8FDC-42A3-9474-1A3956D46DE8}") = "Demos", "Demos", "{3F9A535C-0513-451F-92D3-58D71E4A8A6A}"
EndProject
Project("{FAE04EC0-301F-11D3-BF4B-00C04F79EFBC}") = "QRCodeDemo", "QRCodeDemo\QRCodeDemo.csproj", "{8D113D60-BB45-4D8E-8617-4ADC2EEF42CF}"
EndProject
Project("{FAE04EC0-301F-11D3-BF4B-00C04F79EFBC}") = "QRCodeWinform", "QRCodeWinform\QRCodeWinform.csproj", "{A48644E7-B6D8-4DEC-89E6-445638722695}"
EndProject
Project("{FAE04EC0-301F-11D3-BF4B-00C04F79EFBC}") = "TWQRCode", "TWQRCode\TWQRCode.csproj", "{AD00E387-E07F-49AF-8C36-CEB282BB61E7}"
EndProject
Project("{FAE04EC0-301F-11D3-BF4B-00C04F79EFBC}") = "InputDectectionDemo", "InputDectectionDemo\InputDectectionDemo.csproj", "{8C19927D-A1B6-49B8-82A6-6C2FD7D7A037}"
EndProject
Project("{FAE04EC0-301F-11D3-BF4B-00C04F79EFBC}") = "WindowsFormsApplication1", "WindowsFormsApplication1\WindowsFormsApplication1.csproj", "{EA933E58-67A6-4CF7-9CB0-80077EBB24FF}"
EndProject
Global
	GlobalSection(SolutionConfigurationPlatforms) = preSolution
		Debug|.NET = Debug|.NET
		Debug|Any CPU = Debug|Any CPU
		Debug|Mixed Platforms = Debug|Mixed Platforms
		Debug|x86 = Debug|x86
		Release|.NET = Release|.NET
		Release|Any CPU = Release|Any CPU
		Release|Mixed Platforms = Release|Mixed Platforms
		Release|x86 = Release|x86
	EndGlobalSection
	GlobalSection(ProjectConfigurationPlatforms) = postSolution
		{38D7AA58-C95B-449B-86C6-A8073A56E11F}.Debug|.NET.ActiveCfg = Debug|Any CPU
		{38D7AA58-C95B-449B-86C6-A8073A56E11F}.Debug|Any CPU.ActiveCfg = Debug|Any CPU
		{38D7AA58-C95B-449B-86C6-A8073A56E11F}.Debug|Any CPU.Build.0 = Debug|Any CPU
		{38D7AA58-C95B-449B-86C6-A8073A56E11F}.Debug|Mixed Platforms.ActiveCfg = Debug|Any CPU
		{38D7AA58-C95B-449B-86C6-A8073A56E11F}.Debug|Mixed Platforms.Build.0 = Debug|Any CPU
		{38D7AA58-C95B-449B-86C6-A8073A56E11F}.Debug|x86.ActiveCfg = Debug|Any CPU
		{38D7AA58-C95B-449B-86C6-A8073A56E11F}.Release|.NET.ActiveCfg = Release|Any CPU
		{38D7AA58-C95B-449B-86C6-A8073A56E11F}.Release|Any CPU.ActiveCfg = Release|Any CPU
		{38D7AA58-C95B-449B-86C6-A8073A56E11F}.Release|Any CPU.Build.0 = Release|Any CPU
		{38D7AA58-C95B-449B-86C6-A8073A56E11F}.Release|Mixed Platforms.ActiveCfg = Release|Any CPU
		{38D7AA58-C95B-449B-86C6-A8073A56E11F}.Release|Mixed Platforms.Build.0 = Release|Any CPU
		{38D7AA58-C95B-449B-86C6-A8073A56E11F}.Release|x86.ActiveCfg = Release|Any CPU
		{53995DBB-9836-4647-AD22-865884FDEB9E}.Debug|.NET.ActiveCfg = Debug|Any CPU
		{53995DBB-9836-4647-AD22-865884FDEB9E}.Debug|Any CPU.ActiveCfg = Debug|Any CPU
		{53995DBB-9836-4647-AD22-865884FDEB9E}.Debug|Any CPU.Build.0 = Debug|Any CPU
		{53995DBB-9836-4647-AD22-865884FDEB9E}.Debug|Mixed Platforms.ActiveCfg = Debug|Any CPU
		{53995DBB-9836-4647-AD22-865884FDEB9E}.Debug|Mixed Platforms.Build.0 = Debug|Any CPU
		{53995DBB-9836-4647-AD22-865884FDEB9E}.Debug|x86.ActiveCfg = Debug|Any CPU
		{53995DBB-9836-4647-AD22-865884FDEB9E}.Release|.NET.ActiveCfg = Release|Any CPU
		{53995DBB-9836-4647-AD22-865884FDEB9E}.Release|Any CPU.ActiveCfg = Release|Any CPU
		{53995DBB-9836-4647-AD22-865884FDEB9E}.Release|Any CPU.Build.0 = Release|Any CPU
		{53995DBB-9836-4647-AD22-865884FDEB9E}.Release|Mixed Platforms.ActiveCfg = Release|Any CPU
		{53995DBB-9836-4647-AD22-865884FDEB9E}.Release|Mixed Platforms.Build.0 = Release|Any CPU
		{53995DBB-9836-4647-AD22-865884FDEB9E}.Release|x86.ActiveCfg = Release|Any CPU
		{9FE00521-3A8B-42B1-814E-585E99407B2E}.Debug|.NET.ActiveCfg = Debug|Any CPU
		{9FE00521-3A8B-42B1-814E-585E99407B2E}.Debug|Any CPU.ActiveCfg = Debug|Any CPU
		{9FE00521-3A8B-42B1-814E-585E99407B2E}.Debug|Any CPU.Build.0 = Debug|Any CPU
		{9FE00521-3A8B-42B1-814E-585E99407B2E}.Debug|Mixed Platforms.ActiveCfg = Debug|Any CPU
		{9FE00521-3A8B-42B1-814E-585E99407B2E}.Debug|Mixed Platforms.Build.0 = Debug|Any CPU
		{9FE00521-3A8B-42B1-814E-585E99407B2E}.Debug|x86.ActiveCfg = Debug|Any CPU
		{9FE00521-3A8B-42B1-814E-585E99407B2E}.Release|.NET.ActiveCfg = Release|Any CPU
		{9FE00521-3A8B-42B1-814E-585E99407B2E}.Release|Any CPU.ActiveCfg = Release|Any CPU
		{9FE00521-3A8B-42B1-814E-585E99407B2E}.Release|Any CPU.Build.0 = Release|Any CPU
		{9FE00521-3A8B-42B1-814E-585E99407B2E}.Release|Mixed Platforms.ActiveCfg = Release|Any CPU
		{9FE00521-3A8B-42B1-814E-585E99407B2E}.Release|Mixed Platforms.Build.0 = Release|Any CPU
		{9FE00521-3A8B-42B1-814E-585E99407B2E}.Release|x86.ActiveCfg = Release|Any CPU
		{0988C62E-247F-471F-A183-DB509C7A3839}.Debug|.NET.ActiveCfg = Debug|Any CPU
		{0988C62E-247F-471F-A183-DB509C7A3839}.Debug|Any CPU.ActiveCfg = Debug|Any CPU
		{0988C62E-247F-471F-A183-DB509C7A3839}.Debug|Any CPU.Build.0 = Debug|Any CPU
		{0988C62E-247F-471F-A183-DB509C7A3839}.Debug|Mixed Platforms.ActiveCfg = Debug|Any CPU
		{0988C62E-247F-471F-A183-DB509C7A3839}.Debug|Mixed Platforms.Build.0 = Debug|Any CPU
		{0988C62E-247F-471F-A183-DB509C7A3839}.Debug|x86.ActiveCfg = Debug|Any CPU
		{0988C62E-247F-471F-A183-DB509C7A3839}.Release|.NET.ActiveCfg = Release|Any CPU
		{0988C62E-247F-471F-A183-DB509C7A3839}.Release|Any CPU.ActiveCfg = Release|Any CPU
		{0988C62E-247F-471F-A183-DB509C7A3839}.Release|Any CPU.Build.0 = Release|Any CPU
		{0988C62E-247F-471F-A183-DB509C7A3839}.Release|Mixed Platforms.ActiveCfg = Release|Any CPU
		{0988C62E-247F-471F-A183-DB509C7A3839}.Release|Mixed Platforms.Build.0 = Release|Any CPU
		{0988C62E-247F-471F-A183-DB509C7A3839}.Release|x86.ActiveCfg = Release|Any CPU
		{E3D8759A-C5EB-402D-9F10-F5C6029A8D1A}.Debug|.NET.ActiveCfg = Debug|Any CPU
		{E3D8759A-C5EB-402D-9F10-F5C6029A8D1A}.Debug|Any CPU.ActiveCfg = Debug|Any CPU
		{E3D8759A-C5EB-402D-9F10-F5C6029A8D1A}.Debug|Any CPU.Build.0 = Debug|Any CPU
		{E3D8759A-C5EB-402D-9F10-F5C6029A8D1A}.Debug|Mixed Platforms.ActiveCfg = Debug|Any CPU
		{E3D8759A-C5EB-402D-9F10-F5C6029A8D1A}.Debug|Mixed Platforms.Build.0 = Debug|Any CPU
		{E3D8759A-C5EB-402D-9F10-F5C6029A8D1A}.Debug|x86.ActiveCfg = Debug|Any CPU
		{E3D8759A-C5EB-402D-9F10-F5C6029A8D1A}.Release|.NET.ActiveCfg = Release|Any CPU
		{E3D8759A-C5EB-402D-9F10-F5C6029A8D1A}.Release|Any CPU.ActiveCfg = Release|Any CPU
		{E3D8759A-C5EB-402D-9F10-F5C6029A8D1A}.Release|Any CPU.Build.0 = Release|Any CPU
		{E3D8759A-C5EB-402D-9F10-F5C6029A8D1A}.Release|Mixed Platforms.ActiveCfg = Release|Any CPU
		{E3D8759A-C5EB-402D-9F10-F5C6029A8D1A}.Release|Mixed Platforms.Build.0 = Release|Any CPU
		{E3D8759A-C5EB-402D-9F10-F5C6029A8D1A}.Release|x86.ActiveCfg = Release|Any CPU
		{C5FFC804-68F1-4656-855F-9ACAEE0CF551}.Debug|.NET.ActiveCfg = Debug|Any CPU
		{C5FFC804-68F1-4656-855F-9ACAEE0CF551}.Debug|Any CPU.ActiveCfg = Debug|Any CPU
		{C5FFC804-68F1-4656-855F-9ACAEE0CF551}.Debug|Any CPU.Build.0 = Debug|Any CPU
		{C5FFC804-68F1-4656-855F-9ACAEE0CF551}.Debug|Mixed Platforms.ActiveCfg = Debug|Any CPU
		{C5FFC804-68F1-4656-855F-9ACAEE0CF551}.Debug|Mixed Platforms.Build.0 = Debug|Any CPU
		{C5FFC804-68F1-4656-855F-9ACAEE0CF551}.Debug|x86.ActiveCfg = Debug|Any CPU
		{C5FFC804-68F1-4656-855F-9ACAEE0CF551}.Release|.NET.ActiveCfg = Release|Any CPU
		{C5FFC804-68F1-4656-855F-9ACAEE0CF551}.Release|Any CPU.ActiveCfg = Release|Any CPU
		{C5FFC804-68F1-4656-855F-9ACAEE0CF551}.Release|Any CPU.Build.0 = Release|Any CPU
		{C5FFC804-68F1-4656-855F-9ACAEE0CF551}.Release|Mixed Platforms.ActiveCfg = Release|Any CPU
		{C5FFC804-68F1-4656-855F-9ACAEE0CF551}.Release|Mixed Platforms.Build.0 = Release|Any CPU
		{C5FFC804-68F1-4656-855F-9ACAEE0CF551}.Release|x86.ActiveCfg = Release|Any CPU
		{5305BF1B-5C00-4505-9A4E-54133D656661}.Debug|.NET.ActiveCfg = Debug|Any CPU
		{5305BF1B-5C00-4505-9A4E-54133D656661}.Debug|Any CPU.ActiveCfg = Debug|Any CPU
		{5305BF1B-5C00-4505-9A4E-54133D656661}.Debug|Any CPU.Build.0 = Debug|Any CPU
		{5305BF1B-5C00-4505-9A4E-54133D656661}.Debug|Mixed Platforms.ActiveCfg = Debug|Any CPU
		{5305BF1B-5C00-4505-9A4E-54133D656661}.Debug|Mixed Platforms.Build.0 = Debug|Any CPU
		{5305BF1B-5C00-4505-9A4E-54133D656661}.Debug|x86.ActiveCfg = Debug|Any CPU
		{5305BF1B-5C00-4505-9A4E-54133D656661}.Release|.NET.ActiveCfg = Release|Any CPU
		{5305BF1B-5C00-4505-9A4E-54133D656661}.Release|Any CPU.ActiveCfg = Release|Any CPU
		{5305BF1B-5C00-4505-9A4E-54133D656661}.Release|Any CPU.Build.0 = Release|Any CPU
		{5305BF1B-5C00-4505-9A4E-54133D656661}.Release|Mixed Platforms.ActiveCfg = Release|Any CPU
		{5305BF1B-5C00-4505-9A4E-54133D656661}.Release|Mixed Platforms.Build.0 = Release|Any CPU
		{5305BF1B-5C00-4505-9A4E-54133D656661}.Release|x86.ActiveCfg = Release|Any CPU
		{3FE063B6-57A1-4890-98CF-C23811BCBDD9}.Debug|.NET.ActiveCfg = Debug|Any CPU
		{3FE063B6-57A1-4890-98CF-C23811BCBDD9}.Debug|Any CPU.ActiveCfg = Debug|Any CPU
		{3FE063B6-57A1-4890-98CF-C23811BCBDD9}.Debug|Any CPU.Build.0 = Debug|Any CPU
		{3FE063B6-57A1-4890-98CF-C23811BCBDD9}.Debug|Mixed Platforms.ActiveCfg = Debug|Any CPU
		{3FE063B6-57A1-4890-98CF-C23811BCBDD9}.Debug|Mixed Platforms.Build.0 = Debug|Any CPU
		{3FE063B6-57A1-4890-98CF-C23811BCBDD9}.Debug|x86.ActiveCfg = Debug|Any CPU
		{3FE063B6-57A1-4890-98CF-C23811BCBDD9}.Release|.NET.ActiveCfg = Release|Any CPU
		{3FE063B6-57A1-4890-98CF-C23811BCBDD9}.Release|Any CPU.ActiveCfg = Release|Any CPU
		{3FE063B6-57A1-4890-98CF-C23811BCBDD9}.Release|Any CPU.Build.0 = Release|Any CPU
		{3FE063B6-57A1-4890-98CF-C23811BCBDD9}.Release|Mixed Platforms.ActiveCfg = Release|Any CPU
		{3FE063B6-57A1-4890-98CF-C23811BCBDD9}.Release|Mixed Platforms.Build.0 = Release|Any CPU
		{3FE063B6-57A1-4890-98CF-C23811BCBDD9}.Release|x86.ActiveCfg = Release|Any CPU
		{8D113D60-BB45-4D8E-8617-4ADC2EEF42CF}.Debug|.NET.ActiveCfg = Debug|Any CPU
		{8D113D60-BB45-4D8E-8617-4ADC2EEF42CF}.Debug|Any CPU.ActiveCfg = Debug|Any CPU
		{8D113D60-BB45-4D8E-8617-4ADC2EEF42CF}.Debug|Any CPU.Build.0 = Debug|Any CPU
		{8D113D60-BB45-4D8E-8617-4ADC2EEF42CF}.Debug|Mixed Platforms.ActiveCfg = Debug|Any CPU
		{8D113D60-BB45-4D8E-8617-4ADC2EEF42CF}.Debug|Mixed Platforms.Build.0 = Debug|Any CPU
		{8D113D60-BB45-4D8E-8617-4ADC2EEF42CF}.Debug|x86.ActiveCfg = Debug|Any CPU
		{8D113D60-BB45-4D8E-8617-4ADC2EEF42CF}.Release|.NET.ActiveCfg = Release|Any CPU
		{8D113D60-BB45-4D8E-8617-4ADC2EEF42CF}.Release|Any CPU.ActiveCfg = Release|Any CPU
		{8D113D60-BB45-4D8E-8617-4ADC2EEF42CF}.Release|Any CPU.Build.0 = Release|Any CPU
		{8D113D60-BB45-4D8E-8617-4ADC2EEF42CF}.Release|Mixed Platforms.ActiveCfg = Release|Any CPU
		{8D113D60-BB45-4D8E-8617-4ADC2EEF42CF}.Release|Mixed Platforms.Build.0 = Release|Any CPU
		{8D113D60-BB45-4D8E-8617-4ADC2EEF42CF}.Release|x86.ActiveCfg = Release|Any CPU
		{A48644E7-B6D8-4DEC-89E6-445638722695}.Debug|.NET.ActiveCfg = Debug|Any CPU
		{A48644E7-B6D8-4DEC-89E6-445638722695}.Debug|Any CPU.ActiveCfg = Debug|Any CPU
		{A48644E7-B6D8-4DEC-89E6-445638722695}.Debug|Any CPU.Build.0 = Debug|Any CPU
		{A48644E7-B6D8-4DEC-89E6-445638722695}.Debug|Mixed Platforms.ActiveCfg = Debug|Any CPU
		{A48644E7-B6D8-4DEC-89E6-445638722695}.Debug|Mixed Platforms.Build.0 = Debug|Any CPU
		{A48644E7-B6D8-4DEC-89E6-445638722695}.Debug|x86.ActiveCfg = Debug|Any CPU
		{A48644E7-B6D8-4DEC-89E6-445638722695}.Release|.NET.ActiveCfg = Release|Any CPU
		{A48644E7-B6D8-4DEC-89E6-445638722695}.Release|Any CPU.ActiveCfg = Release|Any CPU
		{A48644E7-B6D8-4DEC-89E6-445638722695}.Release|Any CPU.Build.0 = Release|Any CPU
		{A48644E7-B6D8-4DEC-89E6-445638722695}.Release|Mixed Platforms.ActiveCfg = Release|Any CPU
		{A48644E7-B6D8-4DEC-89E6-445638722695}.Release|Mixed Platforms.Build.0 = Release|Any CPU
		{A48644E7-B6D8-4DEC-89E6-445638722695}.Release|x86.ActiveCfg = Release|Any CPU
		{AD00E387-E07F-49AF-8C36-CEB282BB61E7}.Debug|.NET.ActiveCfg = Debug|Any CPU
		{AD00E387-E07F-49AF-8C36-CEB282BB61E7}.Debug|Any CPU.ActiveCfg = Debug|Any CPU
		{AD00E387-E07F-49AF-8C36-CEB282BB61E7}.Debug|Any CPU.Build.0 = Debug|Any CPU
		{AD00E387-E07F-49AF-8C36-CEB282BB61E7}.Debug|Mixed Platforms.ActiveCfg = Debug|Any CPU
		{AD00E387-E07F-49AF-8C36-CEB282BB61E7}.Debug|Mixed Platforms.Build.0 = Debug|Any CPU
		{AD00E387-E07F-49AF-8C36-CEB282BB61E7}.Debug|x86.ActiveCfg = Debug|Any CPU
		{AD00E387-E07F-49AF-8C36-CEB282BB61E7}.Release|.NET.ActiveCfg = Release|Any CPU
		{AD00E387-E07F-49AF-8C36-CEB282BB61E7}.Release|Any CPU.ActiveCfg = Release|Any CPU
		{AD00E387-E07F-49AF-8C36-CEB282BB61E7}.Release|Any CPU.Build.0 = Release|Any CPU
		{AD00E387-E07F-49AF-8C36-CEB282BB61E7}.Release|Mixed Platforms.ActiveCfg = Release|Any CPU
		{AD00E387-E07F-49AF-8C36-CEB282BB61E7}.Release|Mixed Platforms.Build.0 = Release|Any CPU
		{AD00E387-E07F-49AF-8C36-CEB282BB61E7}.Release|x86.ActiveCfg = Release|Any CPU
		{8C19927D-A1B6-49B8-82A6-6C2FD7D7A037}.Debug|.NET.ActiveCfg = Debug|Any CPU
		{8C19927D-A1B6-49B8-82A6-6C2FD7D7A037}.Debug|Any CPU.ActiveCfg = Debug|Any CPU
		{8C19927D-A1B6-49B8-82A6-6C2FD7D7A037}.Debug|Any CPU.Build.0 = Debug|Any CPU
		{8C19927D-A1B6-49B8-82A6-6C2FD7D7A037}.Debug|Mixed Platforms.ActiveCfg = Debug|Any CPU
		{8C19927D-A1B6-49B8-82A6-6C2FD7D7A037}.Debug|Mixed Platforms.Build.0 = Debug|Any CPU
		{8C19927D-A1B6-49B8-82A6-6C2FD7D7A037}.Debug|x86.ActiveCfg = Debug|Any CPU
		{8C19927D-A1B6-49B8-82A6-6C2FD7D7A037}.Release|.NET.ActiveCfg = Release|Any CPU
		{8C19927D-A1B6-49B8-82A6-6C2FD7D7A037}.Release|Any CPU.ActiveCfg = Release|Any CPU
		{8C19927D-A1B6-49B8-82A6-6C2FD7D7A037}.Release|Any CPU.Build.0 = Release|Any CPU
		{8C19927D-A1B6-49B8-82A6-6C2FD7D7A037}.Release|Mixed Platforms.ActiveCfg = Release|Any CPU
		{8C19927D-A1B6-49B8-82A6-6C2FD7D7A037}.Release|Mixed Platforms.Build.0 = Release|Any CPU
		{8C19927D-A1B6-49B8-82A6-6C2FD7D7A037}.Release|x86.ActiveCfg = Release|Any CPU
		{EA933E58-67A6-4CF7-9CB0-80077EBB24FF}.Debug|.NET.ActiveCfg = Debug|Any CPU
		{EA933E58-67A6-4CF7-9CB0-80077EBB24FF}.Debug|Any CPU.ActiveCfg = Debug|Any CPU
		{EA933E58-67A6-4CF7-9CB0-80077EBB24FF}.Debug|Any CPU.Build.0 = Debug|Any CPU
		{EA933E58-67A6-4CF7-9CB0-80077EBB24FF}.Debug|Mixed Platforms.ActiveCfg = Debug|Any CPU
		{EA933E58-67A6-4CF7-9CB0-80077EBB24FF}.Debug|Mixed Platforms.Build.0 = Debug|Any CPU
		{EA933E58-67A6-4CF7-9CB0-80077EBB24FF}.Debug|x86.ActiveCfg = Debug|Any CPU
		{EA933E58-67A6-4CF7-9CB0-80077EBB24FF}.Release|.NET.ActiveCfg = Release|Any CPU
		{EA933E58-67A6-4CF7-9CB0-80077EBB24FF}.Release|Any CPU.ActiveCfg = Release|Any CPU
		{EA933E58-67A6-4CF7-9CB0-80077EBB24FF}.Release|Any CPU.Build.0 = Release|Any CPU
		{EA933E58-67A6-4CF7-9CB0-80077EBB24FF}.Release|Mixed Platforms.ActiveCfg = Release|Any CPU
		{EA933E58-67A6-4CF7-9CB0-80077EBB24FF}.Release|Mixed Platforms.Build.0 = Release|Any CPU
		{EA933E58-67A6-4CF7-9CB0-80077EBB24FF}.Release|x86.ActiveCfg = Release|Any CPU
	EndGlobalSection
	GlobalSection(SolutionProperties) = preSolution
		HideSolutionNode = FALSE
	EndGlobalSection
	GlobalSection(NestedProjects) = preSolution
		{8D113D60-BB45-4D8E-8617-4ADC2EEF42CF} = {3F9A535C-0513-451F-92D3-58D71E4A8A6A}
		{A48644E7-B6D8-4DEC-89E6-445638722695} = {3F9A535C-0513-451F-92D3-58D71E4A8A6A}
		{AD00E387-E07F-49AF-8C36-CEB282BB61E7} = {3F9A535C-0513-451F-92D3-58D71E4A8A6A}
		{8C19927D-A1B6-49B8-82A6-6C2FD7D7A037} = {3F9A535C-0513-451F-92D3-58D71E4A8A6A}
		{EA933E58-67A6-4CF7-9CB0-80077EBB24FF} = {3F9A535C-0513-451F-92D3-58D71E4A8A6A}
	EndGlobalSection
EndGlobal
